// !$*UTF8*$!
{
	archiveVersion = 1;
	classes = {
	};
	objectVersion = 46;
	objects = {

/* Begin PBXFileReference section */
		0D0FACC61C690FE500E80012 /* PowerUpController.cpp */ = {isa = PBXFileReference; lastKnownFileType = sourcecode.cpp.cpp; path = PowerUpController.cpp; sourceTree = "<group>"; };
		0D0FACC71C690FE500E80012 /* PowerUpController.hpp */ = {isa = PBXFileReference; lastKnownFileType = sourcecode.cpp.h; path = PowerUpController.hpp; sourceTree = "<group>"; };
		0D0FACC81C69100B00E80012 /* EnemyController.cpp */ = {isa = PBXFileReference; lastKnownFileType = sourcecode.cpp.cpp; path = EnemyController.cpp; sourceTree = "<group>"; };
		0D0FACC91C69100B00E80012 /* EnemyController.hpp */ = {isa = PBXFileReference; lastKnownFileType = sourcecode.cpp.h; path = EnemyController.hpp; sourceTree = "<group>"; };
		0D0FACCA1C69105000E80012 /* GameController.cpp */ = {isa = PBXFileReference; lastKnownFileType = sourcecode.cpp.cpp; path = GameController.cpp; sourceTree = "<group>"; };
		0D0FACCB1C69105000E80012 /* GameController.hpp */ = {isa = PBXFileReference; lastKnownFileType = sourcecode.cpp.h; path = GameController.hpp; sourceTree = "<group>"; };
		0D0FACCC1C69106600E80012 /* CastleController.cpp */ = {isa = PBXFileReference; lastKnownFileType = sourcecode.cpp.cpp; path = CastleController.cpp; sourceTree = "<group>"; };
		0D0FACCD1C69106600E80012 /* CastleController.hpp */ = {isa = PBXFileReference; lastKnownFileType = sourcecode.cpp.h; path = CastleController.hpp; sourceTree = "<group>"; };
		2FDE96EB1C6909A700F44DFF /* Main.cpp */ = {isa = PBXFileReference; lastKnownFileType = sourcecode.cpp.cpp; path = Main.cpp; sourceTree = "<group>"; };
		2FDE96EC1C6909A700F44DFF /* Main.hpp */ = {isa = PBXFileReference; lastKnownFileType = sourcecode.cpp.h; path = Main.hpp; sourceTree = "<group>"; };
		2FDE96F61C690DFC00F44DFF /* CastleModel.cpp */ = {isa = PBXFileReference; lastKnownFileType = sourcecode.cpp.cpp; path = CastleModel.cpp; sourceTree = "<group>"; };
		2FDE96F71C690DFC00F44DFF /* CastleModel.hpp */ = {isa = PBXFileReference; lastKnownFileType = sourcecode.cpp.h; path = CastleModel.hpp; sourceTree = "<group>"; };
		2FDE96F81C690E0400F44DFF /* GameModel.cpp */ = {isa = PBXFileReference; lastKnownFileType = sourcecode.cpp.cpp; path = GameModel.cpp; sourceTree = "<group>"; };
		2FDE96F91C690E0400F44DFF /* GameModel.hpp */ = {isa = PBXFileReference; lastKnownFileType = sourcecode.cpp.h; path = GameModel.hpp; sourceTree = "<group>"; };
		2FDE96FA1C690E1500F44DFF /* EnemyModel.cpp */ = {isa = PBXFileReference; lastKnownFileType = sourcecode.cpp.cpp; path = EnemyModel.cpp; sourceTree = "<group>"; };
		2FDE96FB1C690E1500F44DFF /* EnemyModel.hpp */ = {isa = PBXFileReference; lastKnownFileType = sourcecode.cpp.h; path = EnemyModel.hpp; sourceTree = "<group>"; };
		2FDE96FC1C690E3500F44DFF /* PowerUpModel.cpp */ = {isa = PBXFileReference; lastKnownFileType = sourcecode.cpp.cpp; path = PowerUpModel.cpp; sourceTree = "<group>"; };
		2FDE96FD1C690E3500F44DFF /* PowerUpModel.hpp */ = {isa = PBXFileReference; lastKnownFileType = sourcecode.cpp.h; path = PowerUpModel.hpp; sourceTree = "<group>"; };
/* End PBXFileReference section */

/* Begin PBXGroup section */
		2FDE96E41C69096B00F44DFF = {
			isa = PBXGroup;
			children = (
				2FDE96EF1C690D5E00F44DFF /* View */,
				2FDE96EE1C690D5800F44DFF /* Controller */,
				2FDE96ED1C690D4C00F44DFF /* Model */,
				2FDE96EB1C6909A700F44DFF /* Main.cpp */,
				2FDE96EC1C6909A700F44DFF /* Main.hpp */,
			);
			sourceTree = "<group>";
		};
		2FDE96ED1C690D4C00F44DFF /* Model */ = {
			isa = PBXGroup;
			children = (
				2FDE96F61C690DFC00F44DFF /* CastleModel.cpp */,
				2FDE96F71C690DFC00F44DFF /* CastleModel.hpp */,
				2FDE96F81C690E0400F44DFF /* GameModel.cpp */,
				2FDE96F91C690E0400F44DFF /* GameModel.hpp */,
				2FDE96FA1C690E1500F44DFF /* EnemyModel.cpp */,
				2FDE96FB1C690E1500F44DFF /* EnemyModel.hpp */,
				2FDE96FC1C690E3500F44DFF /* PowerUpModel.cpp */,
				2FDE96FD1C690E3500F44DFF /* PowerUpModel.hpp */,
			);
			name = Model;
			sourceTree = "<group>";
		};
		2FDE96EE1C690D5800F44DFF /* Controller */ = {
			isa = PBXGroup;
			children = (
				0D0FACC61C690FE500E80012 /* PowerUpController.cpp */,
				0D0FACC71C690FE500E80012 /* PowerUpController.hpp */,
				0D0FACC81C69100B00E80012 /* EnemyController.cpp */,
				0D0FACC91C69100B00E80012 /* EnemyController.hpp */,
				0D0FACCA1C69105000E80012 /* GameController.cpp */,
				0D0FACCB1C69105000E80012 /* GameController.hpp */,
				0D0FACCC1C69106600E80012 /* CastleController.cpp */,
				0D0FACCD1C69106600E80012 /* CastleController.hpp */,
			);
			name = Controller;
			sourceTree = "<group>";
		};
		2FDE96EF1C690D5E00F44DFF /* View */ = {
			isa = PBXGroup;
			children = (
			);
			name = View;
			sourceTree = "<group>";
		};
/* End PBXGroup section */

/* Begin PBXProject section */
		2FDE96E51C69096B00F44DFF /* Project object */ = {
			isa = PBXProject;
			attributes = {
				LastUpgradeCheck = 0720;
			};
			buildConfigurationList = 2FDE96E81C69096B00F44DFF /* Build configuration list for PBXProject "Zombie Tower Defense" */;
			compatibilityVersion = "Xcode 3.2";
			developmentRegion = English;
			hasScannedForEncodings = 0;
			knownRegions = (
				en,
			);
			mainGroup = 2FDE96E41C69096B00F44DFF;
			projectDirPath = "";
			projectRoot = "";
			targets = (
			);
		};
/* End PBXProject section */

/* Begin XCBuildConfiguration section */
		2FDE96E91C69096B00F44DFF /* Debug */ = {
			isa = XCBuildConfiguration;
			buildSettings = {
				ENABLE_TESTABILITY = YES;
				ONLY_ACTIVE_ARCH = YES;
			};
			name = Debug;
		};
		2FDE96EA1C69096B00F44DFF /* Release */ = {
			isa = XCBuildConfiguration;
			buildSettings = {
			};
			name = Release;
		};
/* End XCBuildConfiguration section */

/* Begin XCConfigurationList section */
		2FDE96E81C69096B00F44DFF /* Build configuration list for PBXProject "Zombie Tower Defense" */ = {
			isa = XCConfigurationList;
			buildConfigurations = (
				2FDE96E91C69096B00F44DFF /* Debug */,
				2FDE96EA1C69096B00F44DFF /* Release */,
			);
			defaultConfigurationIsVisible = 0;
			defaultConfigurationName = Release;
		};
/* End XCConfigurationList section */
	};
	rootObject = 2FDE96E51C69096B00F44DFF /* Project object */;
}
